// !$*UTF8*$!
{
	archiveVersion = 1;
	classes = {
	};
	objectVersion = 46;
	objects = {

/* Begin PBXBuildFile section */
		54BCE3311EE67786005C965F /* AppDelegate.swift in Sources */ = {isa = PBXBuildFile; fileRef = 54BCE3301EE67786005C965F /* AppDelegate.swift */; };
		54BCE3331EE67786005C965F /* ViewController.swift in Sources */ = {isa = PBXBuildFile; fileRef = 54BCE3321EE67786005C965F /* ViewController.swift */; };
		54BCE3361EE67786005C965F /* Main.storyboard in Resources */ = {isa = PBXBuildFile; fileRef = 54BCE3341EE67786005C965F /* Main.storyboard */; };
		54BCE3381EE67786005C965F /* Assets.xcassets in Resources */ = {isa = PBXBuildFile; fileRef = 54BCE3371EE67786005C965F /* Assets.xcassets */; };
		54BCE33B1EE67786005C965F /* LaunchScreen.storyboard in Resources */ = {isa = PBXBuildFile; fileRef = 54BCE3391EE67786005C965F /* LaunchScreen.storyboard */; };
		54BCE3461EE67787005C965F /* DateTimeTests.swift in Sources */ = {isa = PBXBuildFile; fileRef = 54BCE3451EE67787005C965F /* DateTimeTests.swift */; };
		54BCE3511EE67787005C965F /* DateTimeUITests.swift in Sources */ = {isa = PBXBuildFile; fileRef = 54BCE3501EE67787005C965F /* DateTimeUITests.swift */; };
/* End PBXBuildFile section */

/* Begin PBXContainerItemProxy section */
		54BCE3421EE67786005C965F /* PBXContainerItemProxy */ = {
			isa = PBXContainerItemProxy;
			containerPortal = 54BCE3251EE67786005C965F /* Project object */;
			proxyType = 1;
			remoteGlobalIDString = 54BCE32C1EE67786005C965F;
			remoteInfo = DateTime;
		};
		54BCE34D1EE67787005C965F /* PBXContainerItemProxy */ = {
			isa = PBXContainerItemProxy;
			containerPortal = 54BCE3251EE67786005C965F /* Project object */;
			proxyType = 1;
			remoteGlobalIDString = 54BCE32C1EE67786005C965F;
			remoteInfo = DateTime;
		};
/* End PBXContainerItemProxy section */

/* Begin PBXFileReference section */
		54BCE32D1EE67786005C965F /* DateTime.app */ = {isa = PBXFileReference; explicitFileType = wrapper.application; includeInIndex = 0; path = DateTime.app; sourceTree = BUILT_PRODUCTS_DIR; };
		54BCE3301EE67786005C965F /* AppDelegate.swift */ = {isa = PBXFileReference; lastKnownFileType = sourcecode.swift; path = AppDelegate.swift; sourceTree = "<group>"; };
		54BCE3321EE67786005C965F /* ViewController.swift */ = {isa = PBXFileReference; lastKnownFileType = sourcecode.swift; path = ViewController.swift; sourceTree = "<group>"; };
		54BCE3351EE67786005C965F /* Base */ = {isa = PBXFileReference; lastKnownFileType = file.storyboard; name = Base; path = Base.lproj/Main.storyboard; sourceTree = "<group>"; };
		54BCE3371EE67786005C965F /* Assets.xcassets */ = {isa = PBXFileReference; lastKnownFileType = folder.assetcatalog; path = Assets.xcassets; sourceTree = "<group>"; };
		54BCE33A1EE67786005C965F /* Base */ = {isa = PBXFileReference; lastKnownFileType = file.storyboard; name = Base; path = Base.lproj/LaunchScreen.storyboard; sourceTree = "<group>"; };
		54BCE33C1EE67786005C965F /* Info.plist */ = {isa = PBXFileReference; lastKnownFileType = text.plist.xml; path = Info.plist; sourceTree = "<group>"; };
		54BCE3411EE67786005C965F /* DateTimeTests.xctest */ = {isa = PBXFileReference; explicitFileType = wrapper.cfbundle; includeInIndex = 0; path = DateTimeTests.xctest; sourceTree = BUILT_PRODUCTS_DIR; };
		54BCE3451EE67787005C965F /* DateTimeTests.swift */ = {isa = PBXFileReference; lastKnownFileType = sourcecode.swift; path = DateTimeTests.swift; sourceTree = "<group>"; };
		54BCE3471EE67787005C965F /* Info.plist */ = {isa = PBXFileReference; lastKnownFileType = text.plist.xml; path = Info.plist; sourceTree = "<group>"; };
		54BCE34C1EE67787005C965F /* DateTimeUITests.xctest */ = {isa = PBXFileReference; explicitFileType = wrapper.cfbundle; includeInIndex = 0; path = DateTimeUITests.xctest; sourceTree = BUILT_PRODUCTS_DIR; };
		54BCE3501EE67787005C965F /* DateTimeUITests.swift */ = {isa = PBXFileReference; lastKnownFileType = sourcecode.swift; path = DateTimeUITests.swift; sourceTree = "<group>"; };
		54BCE3521EE67787005C965F /* Info.plist */ = {isa = PBXFileReference; lastKnownFileType = text.plist.xml; path = Info.plist; sourceTree = "<group>"; };
/* End PBXFileReference section */

/* Begin PBXFrameworksBuildPhase section */
		54BCE32A1EE67786005C965F /* Frameworks */ = {
			isa = PBXFrameworksBuildPhase;
			buildActionMask = 2147483647;
			files = (
			);
			runOnlyForDeploymentPostprocessing = 0;
		};
		54BCE33E1EE67786005C965F /* Frameworks */ = {
			isa = PBXFrameworksBuildPhase;
			buildActionMask = 2147483647;
			files = (
			);
			runOnlyForDeploymentPostprocessing = 0;
		};
		54BCE3491EE67787005C965F /* Frameworks */ = {
			isa = PBXFrameworksBuildPhase;
			buildActionMask = 2147483647;
			files = (
			);
			runOnlyForDeploymentPostprocessing = 0;
		};
/* End PBXFrameworksBuildPhase section */

/* Begin PBXGroup section */
		54BCE3241EE67786005C965F = {
			isa = PBXGroup;
			children = (
				54BCE32F1EE67786005C965F /* DateTime */,
				54BCE3441EE67787005C965F /* DateTimeTests */,
				54BCE34F1EE67787005C965F /* DateTimeUITests */,
				54BCE32E1EE67786005C965F /* Products */,
			);
			sourceTree = "<group>";
		};
		54BCE32E1EE67786005C965F /* Products */ = {
			isa = PBXGroup;
			children = (
				54BCE32D1EE67786005C965F /* DateTime.app */,
				54BCE3411EE67786005C965F /* DateTimeTests.xctest */,
				54BCE34C1EE67787005C965F /* DateTimeUITests.xctest */,
			);
			name = Products;
			sourceTree = "<group>";
		};
		54BCE32F1EE67786005C965F /* DateTime */ = {
			isa = PBXGroup;
			children = (
				54BCE3301EE67786005C965F /* AppDelegate.swift */,
				54BCE3321EE67786005C965F /* ViewController.swift */,
				54BCE3341EE67786005C965F /* Main.storyboard */,
				54BCE3371EE67786005C965F /* Assets.xcassets */,
				54BCE3391EE67786005C965F /* LaunchScreen.storyboard */,
				54BCE33C1EE67786005C965F /* Info.plist */,
			);
			path = DateTime;
			sourceTree = "<group>";
		};
		54BCE3441EE67787005C965F /* DateTimeTests */ = {
			isa = PBXGroup;
			children = (
				54BCE3451EE67787005C965F /* DateTimeTests.swift */,
				54BCE3471EE67787005C965F /* Info.plist */,
			);
			path = DateTimeTests;
			sourceTree = "<group>";
		};
		54BCE34F1EE67787005C965F /* DateTimeUITests */ = {
			isa = PBXGroup;
			children = (
				54BCE3501EE67787005C965F /* DateTimeUITests.swift */,
				54BCE3521EE67787005C965F /* Info.plist */,
			);
			path = DateTimeUITests;
			sourceTree = "<group>";
		};
/* End PBXGroup section */

/* Begin PBXNativeTarget section */
		54BCE32C1EE67786005C965F /* DateTime */ = {
			isa = PBXNativeTarget;
			buildConfigurationList = 54BCE3551EE67787005C965F /* Build configuration list for PBXNativeTarget "DateTime" */;
			buildPhases = (
				54BCE3291EE67786005C965F /* Sources */,
				54BCE32A1EE67786005C965F /* Frameworks */,
				54BCE32B1EE67786005C965F /* Resources */,
			);
			buildRules = (
			);
			dependencies = (
			);
			name = DateTime;
			productName = DateTime;
			productReference = 54BCE32D1EE67786005C965F /* DateTime.app */;
			productType = "com.apple.product-type.application";
		};
		54BCE3401EE67786005C965F /* DateTimeTests */ = {
			isa = PBXNativeTarget;
			buildConfigurationList = 54BCE3581EE67787005C965F /* Build configuration list for PBXNativeTarget "DateTimeTests" */;
			buildPhases = (
				54BCE33D1EE67786005C965F /* Sources */,
				54BCE33E1EE67786005C965F /* Frameworks */,
				54BCE33F1EE67786005C965F /* Resources */,
			);
			buildRules = (
			);
			dependencies = (
				54BCE3431EE67786005C965F /* PBXTargetDependency */,
			);
			name = DateTimeTests;
			productName = DateTimeTests;
			productReference = 54BCE3411EE67786005C965F /* DateTimeTests.xctest */;
			productType = "com.apple.product-type.bundle.unit-test";
		};
		54BCE34B1EE67787005C965F /* DateTimeUITests */ = {
			isa = PBXNativeTarget;
			buildConfigurationList = 54BCE35B1EE67787005C965F /* Build configuration list for PBXNativeTarget "DateTimeUITests" */;
			buildPhases = (
				54BCE3481EE67787005C965F /* Sources */,
				54BCE3491EE67787005C965F /* Frameworks */,
				54BCE34A1EE67787005C965F /* Resources */,
			);
			buildRules = (
			);
			dependencies = (
				54BCE34E1EE67787005C965F /* PBXTargetDependency */,
			);
			name = DateTimeUITests;
			productName = DateTimeUITests;
			productReference = 54BCE34C1EE67787005C965F /* DateTimeUITests.xctest */;
			productType = "com.apple.product-type.bundle.ui-testing";
		};
/* End PBXNativeTarget section */

/* Begin PBXProject section */
		54BCE3251EE67786005C965F /* Project object */ = {
			isa = PBXProject;
			attributes = {
				LastSwiftUpdateCheck = 0830;
				LastUpgradeCheck = 0830;
				ORGANIZATIONNAME = "Abdul Ahad";
				TargetAttributes = {
					54BCE32C1EE67786005C965F = {
						CreatedOnToolsVersion = 8.3.2;
						ProvisioningStyle = Automatic;
					};
					54BCE3401EE67786005C965F = {
						CreatedOnToolsVersion = 8.3.2;
						ProvisioningStyle = Automatic;
						TestTargetID = 54BCE32C1EE67786005C965F;
					};
					54BCE34B1EE67787005C965F = {
						CreatedOnToolsVersion = 8.3.2;
						ProvisioningStyle = Automatic;
						TestTargetID = 54BCE32C1EE67786005C965F;
					};
				};
			};
			buildConfigurationList = 54BCE3281EE67786005C965F /* Build configuration list for PBXProject "DateTime" */;
			compatibilityVersion = "Xcode 3.2";
			developmentRegion = English;
			hasScannedForEncodings = 0;
			knownRegions = (
				en,
				Base,
			);
			mainGroup = 54BCE3241EE67786005C965F;
			productRefGroup = 54BCE32E1EE67786005C965F /* Products */;
			projectDirPath = "";
			projectRoot = "";
			targets = (
				54BCE32C1EE67786005C965F /* DateTime */,
				54BCE3401EE67786005C965F /* DateTimeTests */,
				54BCE34B1EE67787005C965F /* DateTimeUITests */,
			);
		};
/* End PBXProject section */

/* Begin PBXResourcesBuildPhase section */
		54BCE32B1EE67786005C965F /* Resources */ = {
			isa = PBXResourcesBuildPhase;
			buildActionMask = 2147483647;
			files = (
				54BCE33B1EE67786005C965F /* LaunchScreen.storyboard in Resources */,
				54BCE3381EE67786005C965F /* Assets.xcassets in Resources */,
				54BCE3361EE67786005C965F /* Main.storyboard in Resources */,
			);
			runOnlyForDeploymentPostprocessing = 0;
		};
		54BCE33F1EE67786005C965F /* Resources */ = {
			isa = PBXResourcesBuildPhase;
			buildActionMask = 2147483647;
			files = (
			);
			runOnlyForDeploymentPostprocessing = 0;
		};
		54BCE34A1EE67787005C965F /* Resources */ = {
			isa = PBXResourcesBuildPhase;
			buildActionMask = 2147483647;
			files = (
			);
			runOnlyForDeploymentPostprocessing = 0;
		};
/* End PBXResourcesBuildPhase section */

/* Begin PBXSourcesBuildPhase section */
		54BCE3291EE67786005C965F /* Sources */ = {
			isa = PBXSourcesBuildPhase;
			buildActionMask = 2147483647;
			files = (
				54BCE3331EE67786005C965F /* ViewController.swift in Sources */,
				54BCE3311EE67786005C965F /* AppDelegate.swift in Sources */,
			);
			runOnlyForDeploymentPostprocessing = 0;
		};
		54BCE33D1EE67786005C965F /* Sources */ = {
			isa = PBXSourcesBuildPhase;
			buildActionMask = 2147483647;
			files = (
				54BCE3461EE67787005C965F /* DateTimeTests.swift in Sources */,
			);
			runOnlyForDeploymentPostprocessing = 0;
		};
		54BCE3481EE67787005C965F /* Sources */ = {
			isa = PBXSourcesBuildPhase;
			buildActionMask = 2147483647;
			files = (
				54BCE3511EE67787005C965F /* DateTimeUITests.swift in Sources */,
			);
			runOnlyForDeploymentPostprocessing = 0;
		};
/* End PBXSourcesBuildPhase section */

/* Begin PBXTargetDependency section */
		54BCE3431EE67786005C965F /* PBXTargetDependency */ = {
			isa = PBXTargetDependency;
			target = 54BCE32C1EE67786005C965F /* DateTime */;
			targetProxy = 54BCE3421EE67786005C965F /* PBXContainerItemProxy */;
		};
		54BCE34E1EE67787005C965F /* PBXTargetDependency */ = {
			isa = PBXTargetDependency;
			target = 54BCE32C1EE67786005C965F /* DateTime */;
			targetProxy = 54BCE34D1EE67787005C965F /* PBXContainerItemProxy */;
		};
/* End PBXTargetDependency section */

/* Begin PBXVariantGroup section */
		54BCE3341EE67786005C965F /* Main.storyboard */ = {
			isa = PBXVariantGroup;
			children = (
				54BCE3351EE67786005C965F /* Base */,
			);
			name = Main.storyboard;
			sourceTree = "<group>";
		};
		54BCE3391EE67786005C965F /* LaunchScreen.storyboard */ = {
			isa = PBXVariantGroup;
			children = (
				54BCE33A1EE67786005C965F /* Base */,
			);
			name = LaunchScreen.storyboard;
			sourceTree = "<group>";
		};
/* End PBXVariantGroup section */

/* Begin XCBuildConfiguration section */
		54BCE3531EE67787005C965F /* Debug */ = {
			isa = XCBuildConfiguration;
			buildSettings = {
				ALWAYS_SEARCH_USER_PATHS = NO;
				CLANG_ANALYZER_NONNULL = YES;
				CLANG_ANALYZER_NUMBER_OBJECT_CONVERSION = YES_AGGRESSIVE;
				CLANG_CXX_LANGUAGE_STANDARD = "gnu++0x";
				CLANG_CXX_LIBRARY = "libc++";
				CLANG_ENABLE_MODULES = YES;
				CLANG_ENABLE_OBJC_ARC = YES;
				CLANG_WARN_BOOL_CONVERSION = YES;
				CLANG_WARN_CONSTANT_CONVERSION = YES;
				CLANG_WARN_DIRECT_OBJC_ISA_USAGE = YES_ERROR;
				CLANG_WARN_DOCUMENTATION_COMMENTS = YES;
				CLANG_WARN_EMPTY_BODY = YES;
				CLANG_WARN_ENUM_CONVERSION = YES;
				CLANG_WARN_INFINITE_RECURSION = YES;
				CLANG_WARN_INT_CONVERSION = YES;
				CLANG_WARN_OBJC_ROOT_CLASS = YES_ERROR;
				CLANG_WARN_SUSPICIOUS_MOVE = YES;
				CLANG_WARN_UNREACHABLE_CODE = YES;
				CLANG_WARN__DUPLICATE_METHOD_MATCH = YES;
				"CODE_SIGN_IDENTITY[sdk=iphoneos*]" = "iPhone Developer";
				COPY_PHASE_STRIP = NO;
				DEBUG_INFORMATION_FORMAT = dwarf;
				ENABLE_STRICT_OBJC_MSGSEND = YES;
				ENABLE_TESTABILITY = YES;
				GCC_C_LANGUAGE_STANDARD = gnu99;
				GCC_DYNAMIC_NO_PIC = NO;
				GCC_NO_COMMON_BLOCKS = YES;
				GCC_OPTIMIZATION_LEVEL = 0;
				GCC_PREPROCESSOR_DEFINITIONS = (
					"DEBUG=1",
					"$(inherited)",
				);
				GCC_WARN_64_TO_32_BIT_CONVERSION = YES;
				GCC_WARN_ABOUT_RETURN_TYPE = YES_ERROR;
				GCC_WARN_UNDECLARED_SELECTOR = YES;
				GCC_WARN_UNINITIALIZED_AUTOS = YES_AGGRESSIVE;
				GCC_WARN_UNUSED_FUNCTION = YES;
				GCC_WARN_UNUSED_VARIABLE = YES;
				IPHONEOS_DEPLOYMENT_TARGET = 10.3;
				MTL_ENABLE_DEBUG_INFO = YES;
				ONLY_ACTIVE_ARCH = YES;
				SDKROOT = iphoneos;
				SWIFT_ACTIVE_COMPILATION_CONDITIONS = DEBUG;
				SWIFT_OPTIMIZATION_LEVEL = "-Onone";
			};
			name = Debug;
		};
		54BCE3541EE67787005C965F /* Release */ = {
			isa = XCBuildConfiguration;
			buildSettings = {
				ALWAYS_SEARCH_USER_PATHS = NO;
				CLANG_ANALYZER_NONNULL = YES;
				CLANG_ANALYZER_NUMBER_OBJECT_CONVERSION = YES_AGGRESSIVE;
				CLANG_CXX_LANGUAGE_STANDARD = "gnu++0x";
				CLANG_CXX_LIBRARY = "libc++";
				CLANG_ENABLE_MODULES = YES;
				CLANG_ENABLE_OBJC_ARC = YES;
				CLANG_WARN_BOOL_CONVERSION = YES;
				CLANG_WARN_CONSTANT_CONVERSION = YES;
				CLANG_WARN_DIRECT_OBJC_ISA_USAGE = YES_ERROR;
				CLANG_WARN_DOCUMENTATION_COMMENTS = YES;
				CLANG_WARN_EMPTY_BODY = YES;
				CLANG_WARN_ENUM_CONVERSION = YES;
				CLANG_WARN_INFINITE_RECURSION = YES;
				CLANG_WARN_INT_CONVERSION = YES;
				CLANG_WARN_OBJC_ROOT_CLASS = YES_ERROR;
				CLANG_WARN_SUSPICIOUS_MOVE = YES;
				CLANG_WARN_UNREACHABLE_CODE = YES;
				CLANG_WARN__DUPLICATE_METHOD_MATCH = YES;
				"CODE_SIGN_IDENTITY[sdk=iphoneos*]" = "iPhone Developer";
				COPY_PHASE_STRIP = NO;
				DEBUG_INFORMATION_FORMAT = "dwarf-with-dsym";
				ENABLE_NS_ASSERTIONS = NO;
				ENABLE_STRICT_OBJC_MSGSEND = YES;
				GCC_C_LANGUAGE_STANDARD = gnu99;
				GCC_NO_COMMON_BLOCKS = YES;
				GCC_WARN_64_TO_32_BIT_CONVERSION = YES;
				GCC_WARN_ABOUT_RETURN_TYPE = YES_ERROR;
				GCC_WARN_UNDECLARED_SELECTOR = YES;
				GCC_WARN_UNINITIALIZED_AUTOS = YES_AGGRESSIVE;
				GCC_WARN_UNUSED_FUNCTION = YES;
				GCC_WARN_UNUSED_VARIABLE = YES;
				IPHONEOS_DEPLOYMENT_TARGET = 10.3;
				MTL_ENABLE_DEBUG_INFO = NO;
				SDKROOT = iphoneos;
				SWIFT_OPTIMIZATION_LEVEL = "-Owholemodule";
				VALIDATE_PRODUCT = YES;
			};
			name = Release;
		};
		54BCE3561EE67787005C965F /* Debug */ = {
			isa = XCBuildConfiguration;
			buildSettings = {
				ASSETCATALOG_COMPILER_APPICON_NAME = AppIcon;
				INFOPLIST_FILE = DateTime/Info.plist;
				LD_RUNPATH_SEARCH_PATHS = "$(inherited) @executable_path/Frameworks";
				PRODUCT_BUNDLE_IDENTIFIER = com.experts.DateTime;
				PRODUCT_NAME = "$(TARGET_NAME)";
				SWIFT_VERSION = 3.0;
			};
			name = Debug;
		};
		54BCE3571EE67787005C965F /* Release */ = {
			isa = XCBuildConfiguration;
			buildSettings = {
				ASSETCATALOG_COMPILER_APPICON_NAME = AppIcon;
				INFOPLIST_FILE = DateTime/Info.plist;
				LD_RUNPATH_SEARCH_PATHS = "$(inherited) @executable_path/Frameworks";
				PRODUCT_BUNDLE_IDENTIFIER = com.experts.DateTime;
				PRODUCT_NAME = "$(TARGET_NAME)";
				SWIFT_VERSION = 3.0;
			};
			name = Release;
		};
		54BCE3591EE67787005C965F /* Debug */ = {
			isa = XCBuildConfiguration;
			buildSettings = {
				ALWAYS_EMBED_SWIFT_STANDARD_LIBRARIES = YES;
				BUNDLE_LOADER = "$(TEST_HOST)";
				INFOPLIST_FILE = DateTimeTests/Info.plist;
				LD_RUNPATH_SEARCH_PATHS = "$(inherited) @executable_path/Frameworks @loader_path/Frameworks";
				PRODUCT_BUNDLE_IDENTIFIER = com.experts.DateTimeTests;
				PRODUCT_NAME = "$(TARGET_NAME)";
				SWIFT_VERSION = 3.0;
				TEST_HOST = "$(BUILT_PRODUCTS_DIR)/DateTime.app/DateTime";
			};
			name = Debug;
		};
		54BCE35A1EE67787005C965F /* Release */ = {
			isa = XCBuildConfiguration;
			buildSettings = {
				ALWAYS_EMBED_SWIFT_STANDARD_LIBRARIES = YES;
				BUNDLE_LOADER = "$(TEST_HOST)";
				INFOPLIST_FILE = DateTimeTests/Info.plist;
				LD_RUNPATH_SEARCH_PATHS = "$(inherited) @executable_path/Frameworks @loader_path/Frameworks";
				PRODUCT_BUNDLE_IDENTIFIER = com.experts.DateTimeTests;
				PRODUCT_NAME = "$(TARGET_NAME)";
				SWIFT_VERSION = 3.0;
				TEST_HOST = "$(BUILT_PRODUCTS_DIR)/DateTime.app/DateTime";
			};
			name = Release;
		};
		54BCE35C1EE67787005C965F /* Debug */ = {
			isa = XCBuildConfiguration;
			buildSettings = {
				ALWAYS_EMBED_SWIFT_STANDARD_LIBRARIES = YES;
				INFOPLIST_FILE = DateTimeUITests/Info.plist;
				LD_RUNPATH_SEARCH_PATHS = "$(inherited) @executable_path/Frameworks @loader_path/Frameworks";
				PRODUCT_BUNDLE_IDENTIFIER = com.experts.DateTimeUITests;
				PRODUCT_NAME = "$(TARGET_NAME)";
				SWIFT_VERSION = 3.0;
				TEST_TARGET_NAME = DateTime;
			};
			name = Debug;
		};
		54BCE35D1EE67787005C965F /* Release */ = {
			isa = XCBuildConfiguration;
			buildSettings = {
				ALWAYS_EMBED_SWIFT_STANDARD_LIBRARIES = YES;
				INFOPLIST_FILE = DateTimeUITests/Info.plist;
				LD_RUNPATH_SEARCH_PATHS = "$(inherited) @executable_path/Frameworks @loader_path/Frameworks";
				PRODUCT_BUNDLE_IDENTIFIER = com.experts.DateTimeUITests;
				PRODUCT_NAME = "$(TARGET_NAME)";
				SWIFT_VERSION = 3.0;
				TEST_TARGET_NAME = DateTime;
			};
			name = Release;
		};
/* End XCBuildConfiguration section */

/* Begin XCConfigurationList section */
		54BCE3281EE67786005C965F /* Build configuration list for PBXProject "DateTime" */ = {
			isa = XCConfigurationList;
			buildConfigurations = (
				54BCE3531EE67787005C965F /* Debug */,
				54BCE3541EE67787005C965F /* Release */,
			);
			defaultConfigurationIsVisible = 0;
			defaultConfigurationName = Release;
		};
		54BCE3551EE67787005C965F /* Build configuration list for PBXNativeTarget "DateTime" */ = {
			isa = XCConfigurationList;
			buildConfigurations = (
				54BCE3561EE67787005C965F /* Debug */,
				54BCE3571EE67787005C965F /* Release */,
			);
			defaultConfigurationIsVisible = 0;
		};
		54BCE3581EE67787005C965F /* Build configuration list for PBXNativeTarget "DateTimeTests" */ = {
			isa = XCConfigurationList;
			buildConfigurations = (
				54BCE3591EE67787005C965F /* Debug */,
				54BCE35A1EE67787005C965F /* Release */,
			);
			defaultConfigurationIsVisible = 0;
		};
		54BCE35B1EE67787005C965F /* Build configuration list for PBXNativeTarget "DateTimeUITests" */ = {
			isa = XCConfigurationList;
			buildConfigurations = (
				54BCE35C1EE67787005C965F /* Debug */,
				54BCE35D1EE67787005C965F /* Release */,
			);
			defaultConfigurationIsVisible = 0;
		};
/* End XCConfigurationList section */
	};
	rootObject = 54BCE3251EE67786005C965F /* Project object */;
}
